
Microsoft Visual Studio Solution File, Format Version 12.00
# Visual Studio Version 17
VisualStudioVersion = 17.13.35931.197
MinimumVisualStudioVersion = 10.0.40219.1
Project("{FAE04EC0-301F-11D3-BF4B-00C04F79EFBC}") = "ExceptionHandlingPractice", "ExceptionHandlingPractice\ExceptionHandlingPractice.csproj", "{2D96A512-62AF-4618-84AB-6C64422A84EF}"
EndProject
Project("{FAE04EC0-301F-11D3-BF4B-00C04F79EFBC}") = "AspNetCorePractice", "AspNetCorePractice\AspNetCorePractice.csproj", "{76D8D1D1-D333-4EB5-968F-3D1188D9100A}"
EndProject
Global
	GlobalSection(SolutionConfigurationPlatforms) = preSolution
		Debug|Any CPU = Debug|Any CPU
		Release|Any CPU = Release|Any CPU
	EndGlobalSection
	GlobalSection(ProjectConfigurationPlatforms) = postSolution
		{2D96A512-62AF-4618-84AB-6C64422A84EF}.Debug|Any CPU.ActiveCfg = Debug|Any CPU
		{2D96A512-62AF-4618-84AB-6C64422A84EF}.Debug|Any CPU.Build.0 = Debug|Any CPU
		{2D96A512-62AF-4618-84AB-6C64422A84EF}.Release|Any CPU.ActiveCfg = Release|Any CPU
		{2D96A512-62AF-4618-84AB-6C64422A84EF}.Release|Any CPU.Build.0 = Release|Any CPU
		{76D8D1D1-D333-4EB5-968F-3D1188D9100A}.Debug|Any CPU.ActiveCfg = Debug|Any CPU
		{76D8D1D1-D333-4EB5-968F-3D1188D9100A}.Debug|Any CPU.Build.0 = Debug|Any CPU
		{76D8D1D1-D333-4EB5-968F-3D1188D9100A}.Release|Any CPU.ActiveCfg = Release|Any CPU
		{76D8D1D1-D333-4EB5-968F-3D1188D9100A}.Release|Any CPU.Build.0 = Release|Any CPU
	EndGlobalSection
	GlobalSection(SolutionProperties) = preSolution
		HideSolutionNode = FALSE
	EndGlobalSection
	GlobalSection(ExtensibilityGlobals) = postSolution
		SolutionGuid = {A6307F20-9239-4C87-8B7A-0049EEC91954}
	EndGlobalSection
EndGlobal
